// !$*UTF8*$!
{
	archiveVersion = 1;
	classes = {
	};
	objectVersion = 56;
	objects = {

/* Begin PBXBuildFile section */
		53C793F184FB542831C9B582 /* Pods_NaverMapDemo.framework in Frameworks */ = {isa = PBXBuildFile; fileRef = 8FFB657CA27B4DEBADD02245 /* Pods_NaverMapDemo.framework */; };
		5C6ADD652B70B99C00001263 /* LocationManager.swift in Sources */ = {isa = PBXBuildFile; fileRef = 5C6ADD642B70B99C00001263 /* LocationManager.swift */; };
		5C6ADD682B70B9EB00001263 /* NaverReverseGeocoding.swift in Sources */ = {isa = PBXBuildFile; fileRef = 5C6ADD672B70B9EB00001263 /* NaverReverseGeocoding.swift */; };
		5C6ADD6A2B70BB8800001263 /* NoticeBoard.swift in Sources */ = {isa = PBXBuildFile; fileRef = 5C6ADD692B70BB8800001263 /* NoticeBoard.swift */; };
		5C6ADD6D2B70BBE200001263 /* PostingViewModel.swift in Sources */ = {isa = PBXBuildFile; fileRef = 5C6ADD6C2B70BBE200001263 /* PostingViewModel.swift */; };
		5C6ADD6F2B70BC7400001263 /* ChangePostingView.swift in Sources */ = {isa = PBXBuildFile; fileRef = 5C6ADD6E2B70BC7400001263 /* ChangePostingView.swift */; };
		5C7EA7392B707F9400E5C0B0 /* MapMakerExplainView.swift in Sources */ = {isa = PBXBuildFile; fileRef = 5C7EA7382B707F9400E5C0B0 /* MapMakerExplainView.swift */; };
		5C7EA73D2B70A77C00E5C0B0 /* Color.swift in Sources */ = {isa = PBXBuildFile; fileRef = 5C7EA73C2B70A77C00E5C0B0 /* Color.swift */; };
		5C9C72792B68E536004FAF1B /* MapView.swift in Sources */ = {isa = PBXBuildFile; fileRef = 5C9C72782B68E536004FAF1B /* MapView.swift */; };
		5C9C727B2B6A2EEF004FAF1B /* MapMakerView.swift in Sources */ = {isa = PBXBuildFile; fileRef = 5C9C727A2B6A2EEF004FAF1B /* MapMakerView.swift */; };
		5CE454A82B68D99800874BCE /* NaverMapDemoApp.swift in Sources */ = {isa = PBXBuildFile; fileRef = 5CE454A72B68D99800874BCE /* NaverMapDemoApp.swift */; };
		5CE454AA2B68D99800874BCE /* ContentView.swift in Sources */ = {isa = PBXBuildFile; fileRef = 5CE454A92B68D99800874BCE /* ContentView.swift */; };
		5CE454AC2B68D99900874BCE /* Assets.xcassets in Resources */ = {isa = PBXBuildFile; fileRef = 5CE454AB2B68D99900874BCE /* Assets.xcassets */; };
		5CE454AF2B68D99900874BCE /* Preview Assets.xcassets in Resources */ = {isa = PBXBuildFile; fileRef = 5CE454AE2B68D99900874BCE /* Preview Assets.xcassets */; };
/* End PBXBuildFile section */

/* Begin PBXFileReference section */
		03C8745A698E8E5AD59FD336 /* Pods-NaverMapDemo.debug.xcconfig */ = {isa = PBXFileReference; includeInIndex = 1; lastKnownFileType = text.xcconfig; name = "Pods-NaverMapDemo.debug.xcconfig"; path = "Target Support Files/Pods-NaverMapDemo/Pods-NaverMapDemo.debug.xcconfig"; sourceTree = "<group>"; };
		5C6ADD642B70B99C00001263 /* LocationManager.swift */ = {isa = PBXFileReference; lastKnownFileType = sourcecode.swift; path = LocationManager.swift; sourceTree = "<group>"; };
		5C6ADD672B70B9EB00001263 /* NaverReverseGeocoding.swift */ = {isa = PBXFileReference; lastKnownFileType = sourcecode.swift; path = NaverReverseGeocoding.swift; sourceTree = "<group>"; };
		5C6ADD692B70BB8800001263 /* NoticeBoard.swift */ = {isa = PBXFileReference; lastKnownFileType = sourcecode.swift; path = NoticeBoard.swift; sourceTree = "<group>"; };
		5C6ADD6C2B70BBE200001263 /* PostingViewModel.swift */ = {isa = PBXFileReference; lastKnownFileType = sourcecode.swift; path = PostingViewModel.swift; sourceTree = "<group>"; };
		5C6ADD6E2B70BC7400001263 /* ChangePostingView.swift */ = {isa = PBXFileReference; lastKnownFileType = sourcecode.swift; path = ChangePostingView.swift; sourceTree = "<group>"; };
		5C7EA7382B707F9400E5C0B0 /* MapMakerExplainView.swift */ = {isa = PBXFileReference; lastKnownFileType = sourcecode.swift; path = MapMakerExplainView.swift; sourceTree = "<group>"; };
		5C7EA73C2B70A77C00E5C0B0 /* Color.swift */ = {isa = PBXFileReference; lastKnownFileType = sourcecode.swift; path = Color.swift; sourceTree = "<group>"; };
		5C9C72782B68E536004FAF1B /* MapView.swift */ = {isa = PBXFileReference; lastKnownFileType = sourcecode.swift; path = MapView.swift; sourceTree = "<group>"; };
		5C9C727A2B6A2EEF004FAF1B /* MapMakerView.swift */ = {isa = PBXFileReference; lastKnownFileType = sourcecode.swift; path = MapMakerView.swift; sourceTree = "<group>"; };
		5CE454A42B68D99800874BCE /* NaverMapDemo.app */ = {isa = PBXFileReference; explicitFileType = wrapper.application; includeInIndex = 0; path = NaverMapDemo.app; sourceTree = BUILT_PRODUCTS_DIR; };
		5CE454A72B68D99800874BCE /* NaverMapDemoApp.swift */ = {isa = PBXFileReference; lastKnownFileType = sourcecode.swift; path = NaverMapDemoApp.swift; sourceTree = "<group>"; };
		5CE454A92B68D99800874BCE /* ContentView.swift */ = {isa = PBXFileReference; lastKnownFileType = sourcecode.swift; path = ContentView.swift; sourceTree = "<group>"; };
		5CE454AB2B68D99900874BCE /* Assets.xcassets */ = {isa = PBXFileReference; lastKnownFileType = folder.assetcatalog; path = Assets.xcassets; sourceTree = "<group>"; };
		5CE454AE2B68D99900874BCE /* Preview Assets.xcassets */ = {isa = PBXFileReference; lastKnownFileType = folder.assetcatalog; path = "Preview Assets.xcassets"; sourceTree = "<group>"; };
		5CE454B52B68DB5E00874BCE /* Info.plist */ = {isa = PBXFileReference; lastKnownFileType = text.plist; path = Info.plist; sourceTree = "<group>"; };
		8FFB657CA27B4DEBADD02245 /* Pods_NaverMapDemo.framework */ = {isa = PBXFileReference; explicitFileType = wrapper.framework; includeInIndex = 0; path = Pods_NaverMapDemo.framework; sourceTree = BUILT_PRODUCTS_DIR; };
		FDB02354730B98373E2AE070 /* Pods-NaverMapDemo.release.xcconfig */ = {isa = PBXFileReference; includeInIndex = 1; lastKnownFileType = text.xcconfig; name = "Pods-NaverMapDemo.release.xcconfig"; path = "Target Support Files/Pods-NaverMapDemo/Pods-NaverMapDemo.release.xcconfig"; sourceTree = "<group>"; };
/* End PBXFileReference section */

/* Begin PBXFrameworksBuildPhase section */
		5CE454A12B68D99800874BCE /* Frameworks */ = {
			isa = PBXFrameworksBuildPhase;
			buildActionMask = 2147483647;
			files = (
				53C793F184FB542831C9B582 /* Pods_NaverMapDemo.framework in Frameworks */,
			);
			runOnlyForDeploymentPostprocessing = 0;
		};
/* End PBXFrameworksBuildPhase section */

/* Begin PBXGroup section */
		5C6ADD622B70B97E00001263 /* Manager */ = {
			isa = PBXGroup;
			children = (
				5C6ADD642B70B99C00001263 /* LocationManager.swift */,
			);
			path = Manager;
			sourceTree = "<group>";
		};
		5C6ADD662B70B9D000001263 /* Model */ = {
			isa = PBXGroup;
			children = (
				5C6ADD672B70B9EB00001263 /* NaverReverseGeocoding.swift */,
				5C6ADD692B70BB8800001263 /* NoticeBoard.swift */,
			);
			path = Model;
			sourceTree = "<group>";
		};
		5C6ADD6B2B70BBCE00001263 /* ViewModel */ = {
			isa = PBXGroup;
			children = (
				5C6ADD6C2B70BBE200001263 /* PostingViewModel.swift */,
			);
			path = ViewModel;
			sourceTree = "<group>";
		};
		5C7EA73E2B70AD2B00E5C0B0 /* Extension */ = {
			isa = PBXGroup;
			children = (
				5C7EA73C2B70A77C00E5C0B0 /* Color.swift */,
			);
			path = Extension;
			sourceTree = "<group>";
		};
		5CE4549B2B68D99700874BCE = {
			isa = PBXGroup;
			children = (
				5CE454A62B68D99800874BCE /* NaverMapDemo */,
				5CE454A52B68D99800874BCE /* Products */,
				EE8B627081E64B40E8696AF4 /* Pods */,
				CBD24D6CCB1B2F2C6B55F072 /* Frameworks */,
			);
			sourceTree = "<group>";
		};
		5CE454A52B68D99800874BCE /* Products */ = {
			isa = PBXGroup;
			children = (
				5CE454A42B68D99800874BCE /* NaverMapDemo.app */,
			);
			name = Products;
			sourceTree = "<group>";
		};
		5CE454A62B68D99800874BCE /* NaverMapDemo */ = {
			isa = PBXGroup;
			children = (
				5CE454B52B68DB5E00874BCE /* Info.plist */,
				5CE454A72B68D99800874BCE /* NaverMapDemoApp.swift */,
				5CE454A92B68D99800874BCE /* ContentView.swift */,
				5C9C72782B68E536004FAF1B /* MapView.swift */,
				5C9C727A2B6A2EEF004FAF1B /* MapMakerView.swift */,
				5C6ADD6B2B70BBCE00001263 /* ViewModel */,
				5C6ADD662B70B9D000001263 /* Model */,
				5C6ADD622B70B97E00001263 /* Manager */,
				5C7EA7382B707F9400E5C0B0 /* MapMakerExplainView.swift */,
				5C6ADD6E2B70BC7400001263 /* ChangePostingView.swift */,
				5C7EA73E2B70AD2B00E5C0B0 /* Extension */,
				5CE454AB2B68D99900874BCE /* Assets.xcassets */,
				5CE454AD2B68D99900874BCE /* Preview Content */,
			);
			path = NaverMapDemo;
			sourceTree = "<group>";
		};
		5CE454AD2B68D99900874BCE /* Preview Content */ = {
			isa = PBXGroup;
			children = (
				5CE454AE2B68D99900874BCE /* Preview Assets.xcassets */,
			);
			path = "Preview Content";
			sourceTree = "<group>";
		};
		CBD24D6CCB1B2F2C6B55F072 /* Frameworks */ = {
			isa = PBXGroup;
			children = (
				8FFB657CA27B4DEBADD02245 /* Pods_NaverMapDemo.framework */,
			);
			name = Frameworks;
			sourceTree = "<group>";
		};
		EE8B627081E64B40E8696AF4 /* Pods */ = {
			isa = PBXGroup;
			children = (
				03C8745A698E8E5AD59FD336 /* Pods-NaverMapDemo.debug.xcconfig */,
				FDB02354730B98373E2AE070 /* Pods-NaverMapDemo.release.xcconfig */,
			);
			path = Pods;
			sourceTree = "<group>";
		};
/* End PBXGroup section */

/* Begin PBXNativeTarget section */
		5CE454A32B68D99800874BCE /* NaverMapDemo */ = {
			isa = PBXNativeTarget;
			buildConfigurationList = 5CE454B22B68D99900874BCE /* Build configuration list for PBXNativeTarget "NaverMapDemo" */;
			buildPhases = (
				179FA84AB1B5843B7D3105D5 /* [CP] Check Pods Manifest.lock */,
				5CE454A02B68D99800874BCE /* Sources */,
				5CE454A12B68D99800874BCE /* Frameworks */,
				5CE454A22B68D99800874BCE /* Resources */,
				E228615ED2AFAC65C4F7998F /* [CP] Embed Pods Frameworks */,
			);
			buildRules = (
			);
			dependencies = (
			);
			name = NaverMapDemo;
			productName = NaverMapDemo;
			productReference = 5CE454A42B68D99800874BCE /* NaverMapDemo.app */;
			productType = "com.apple.product-type.application";
		};
/* End PBXNativeTarget section */

/* Begin PBXProject section */
		5CE4549C2B68D99700874BCE /* Project object */ = {
			isa = PBXProject;
			attributes = {
				BuildIndependentTargetsInParallel = 1;
				LastSwiftUpdateCheck = 1510;
				LastUpgradeCheck = 1510;
				TargetAttributes = {
					5CE454A32B68D99800874BCE = {
						CreatedOnToolsVersion = 15.1;
					};
				};
			};
			buildConfigurationList = 5CE4549F2B68D99700874BCE /* Build configuration list for PBXProject "NaverMapDemo" */;
			compatibilityVersion = "Xcode 14.0";
			developmentRegion = en;
			hasScannedForEncodings = 0;
			knownRegions = (
				en,
				Base,
			);
			mainGroup = 5CE4549B2B68D99700874BCE;
			productRefGroup = 5CE454A52B68D99800874BCE /* Products */;
			projectDirPath = "";
			projectRoot = "";
			targets = (
				5CE454A32B68D99800874BCE /* NaverMapDemo */,
			);
		};
/* End PBXProject section */

/* Begin PBXResourcesBuildPhase section */
		5CE454A22B68D99800874BCE /* Resources */ = {
			isa = PBXResourcesBuildPhase;
			buildActionMask = 2147483647;
			files = (
				5CE454AF2B68D99900874BCE /* Preview Assets.xcassets in Resources */,
				5CE454AC2B68D99900874BCE /* Assets.xcassets in Resources */,
			);
			runOnlyForDeploymentPostprocessing = 0;
		};
/* End PBXResourcesBuildPhase section */

/* Begin PBXShellScriptBuildPhase section */
		179FA84AB1B5843B7D3105D5 /* [CP] Check Pods Manifest.lock */ = {
			isa = PBXShellScriptBuildPhase;
			buildActionMask = 2147483647;
			files = (
			);
			inputFileListPaths = (
			);
			inputPaths = (
				"${PODS_PODFILE_DIR_PATH}/Podfile.lock",
				"${PODS_ROOT}/Manifest.lock",
			);
			name = "[CP] Check Pods Manifest.lock";
			outputFileListPaths = (
			);
			outputPaths = (
				"$(DERIVED_FILE_DIR)/Pods-NaverMapDemo-checkManifestLockResult.txt",
			);
			runOnlyForDeploymentPostprocessing = 0;
			shellPath = /bin/sh;
			shellScript = "diff \"${PODS_PODFILE_DIR_PATH}/Podfile.lock\" \"${PODS_ROOT}/Manifest.lock\" > /dev/null\nif [ $? != 0 ] ; then\n    # print error to STDERR\n    echo \"error: The sandbox is not in sync with the Podfile.lock. Run 'pod install' or update your CocoaPods installation.\" >&2\n    exit 1\nfi\n# This output is used by Xcode 'outputs' to avoid re-running this script phase.\necho \"SUCCESS\" > \"${SCRIPT_OUTPUT_FILE_0}\"\n";
			showEnvVarsInLog = 0;
		};
		E228615ED2AFAC65C4F7998F /* [CP] Embed Pods Frameworks */ = {
			isa = PBXShellScriptBuildPhase;
			buildActionMask = 2147483647;
			files = (
			);
			inputFileListPaths = (
				"${PODS_ROOT}/Target Support Files/Pods-NaverMapDemo/Pods-NaverMapDemo-frameworks-${CONFIGURATION}-input-files.xcfilelist",
			);
			name = "[CP] Embed Pods Frameworks";
			outputFileListPaths = (
				"${PODS_ROOT}/Target Support Files/Pods-NaverMapDemo/Pods-NaverMapDemo-frameworks-${CONFIGURATION}-output-files.xcfilelist",
			);
			runOnlyForDeploymentPostprocessing = 0;
			shellPath = /bin/sh;
			shellScript = "\"${PODS_ROOT}/Target Support Files/Pods-NaverMapDemo/Pods-NaverMapDemo-frameworks.sh\"\n";
			showEnvVarsInLog = 0;
		};
/* End PBXShellScriptBuildPhase section */

/* Begin PBXSourcesBuildPhase section */
		5CE454A02B68D99800874BCE /* Sources */ = {
			isa = PBXSourcesBuildPhase;
			buildActionMask = 2147483647;
			files = (
				5C6ADD6A2B70BB8800001263 /* NoticeBoard.swift in Sources */,
				5CE454AA2B68D99800874BCE /* ContentView.swift in Sources */,
				5C9C72792B68E536004FAF1B /* MapView.swift in Sources */,
				5C6ADD6F2B70BC7400001263 /* ChangePostingView.swift in Sources */,
				5C6ADD6D2B70BBE200001263 /* PostingViewModel.swift in Sources */,
				5C9C727B2B6A2EEF004FAF1B /* MapMakerView.swift in Sources */,
				5C6ADD652B70B99C00001263 /* LocationManager.swift in Sources */,
				5C7EA7392B707F9400E5C0B0 /* MapMakerExplainView.swift in Sources */,
				5C6ADD682B70B9EB00001263 /* NaverReverseGeocoding.swift in Sources */,
				5CE454A82B68D99800874BCE /* NaverMapDemoApp.swift in Sources */,
				5C7EA73D2B70A77C00E5C0B0 /* Color.swift in Sources */,
			);
			runOnlyForDeploymentPostprocessing = 0;
		};
/* End PBXSourcesBuildPhase section */

/* Begin XCBuildConfiguration section */
		5CE454B02B68D99900874BCE /* Debug */ = {
			isa = XCBuildConfiguration;
			buildSettings = {
				ALWAYS_SEARCH_USER_PATHS = NO;
				ASSETCATALOG_COMPILER_GENERATE_SWIFT_ASSET_SYMBOL_EXTENSIONS = YES;
				CLANG_ANALYZER_NONNULL = YES;
				CLANG_ANALYZER_NUMBER_OBJECT_CONVERSION = YES_AGGRESSIVE;
				CLANG_CXX_LANGUAGE_STANDARD = "gnu++20";
				CLANG_ENABLE_MODULES = YES;
				CLANG_ENABLE_OBJC_ARC = YES;
				CLANG_ENABLE_OBJC_WEAK = YES;
				CLANG_WARN_BLOCK_CAPTURE_AUTORELEASING = YES;
				CLANG_WARN_BOOL_CONVERSION = YES;
				CLANG_WARN_COMMA = YES;
				CLANG_WARN_CONSTANT_CONVERSION = YES;
				CLANG_WARN_DEPRECATED_OBJC_IMPLEMENTATIONS = YES;
				CLANG_WARN_DIRECT_OBJC_ISA_USAGE = YES_ERROR;
				CLANG_WARN_DOCUMENTATION_COMMENTS = YES;
				CLANG_WARN_EMPTY_BODY = YES;
				CLANG_WARN_ENUM_CONVERSION = YES;
				CLANG_WARN_INFINITE_RECURSION = YES;
				CLANG_WARN_INT_CONVERSION = YES;
				CLANG_WARN_NON_LITERAL_NULL_CONVERSION = YES;
				CLANG_WARN_OBJC_IMPLICIT_RETAIN_SELF = YES;
				CLANG_WARN_OBJC_LITERAL_CONVERSION = YES;
				CLANG_WARN_OBJC_ROOT_CLASS = YES_ERROR;
				CLANG_WARN_QUOTED_INCLUDE_IN_FRAMEWORK_HEADER = YES;
				CLANG_WARN_RANGE_LOOP_ANALYSIS = YES;
				CLANG_WARN_STRICT_PROTOTYPES = YES;
				CLANG_WARN_SUSPICIOUS_MOVE = YES;
				CLANG_WARN_UNGUARDED_AVAILABILITY = YES_AGGRESSIVE;
				CLANG_WARN_UNREACHABLE_CODE = YES;
				CLANG_WARN__DUPLICATE_METHOD_MATCH = YES;
				COPY_PHASE_STRIP = NO;
				DEBUG_INFORMATION_FORMAT = dwarf;
				ENABLE_STRICT_OBJC_MSGSEND = YES;
				ENABLE_TESTABILITY = YES;
				ENABLE_USER_SCRIPT_SANDBOXING = NO;
				GCC_C_LANGUAGE_STANDARD = gnu17;
				GCC_DYNAMIC_NO_PIC = NO;
				GCC_NO_COMMON_BLOCKS = YES;
				GCC_OPTIMIZATION_LEVEL = 0;
				GCC_PREPROCESSOR_DEFINITIONS = (
					"DEBUG=1",
					"$(inherited)",
				);
				GCC_WARN_64_TO_32_BIT_CONVERSION = YES;
				GCC_WARN_ABOUT_RETURN_TYPE = YES_ERROR;
				GCC_WARN_UNDECLARED_SELECTOR = YES;
				GCC_WARN_UNINITIALIZED_AUTOS = YES_AGGRESSIVE;
				GCC_WARN_UNUSED_FUNCTION = YES;
				GCC_WARN_UNUSED_VARIABLE = YES;
				IPHONEOS_DEPLOYMENT_TARGET = 15.0;
				LOCALIZATION_PREFERS_STRING_CATALOGS = YES;
				MTL_ENABLE_DEBUG_INFO = INCLUDE_SOURCE;
				MTL_FAST_MATH = YES;
				ONLY_ACTIVE_ARCH = YES;
				SDKROOT = iphoneos;
				SWIFT_ACTIVE_COMPILATION_CONDITIONS = "DEBUG $(inherited)";
				SWIFT_OPTIMIZATION_LEVEL = "-Onone";
			};
			name = Debug;
		};
		5CE454B12B68D99900874BCE /* Release */ = {
			isa = XCBuildConfiguration;
			buildSettings = {
				ALWAYS_SEARCH_USER_PATHS = NO;
				ASSETCATALOG_COMPILER_GENERATE_SWIFT_ASSET_SYMBOL_EXTENSIONS = YES;
				CLANG_ANALYZER_NONNULL = YES;
				CLANG_ANALYZER_NUMBER_OBJECT_CONVERSION = YES_AGGRESSIVE;
				CLANG_CXX_LANGUAGE_STANDARD = "gnu++20";
				CLANG_ENABLE_MODULES = YES;
				CLANG_ENABLE_OBJC_ARC = YES;
				CLANG_ENABLE_OBJC_WEAK = YES;
				CLANG_WARN_BLOCK_CAPTURE_AUTORELEASING = YES;
				CLANG_WARN_BOOL_CONVERSION = YES;
				CLANG_WARN_COMMA = YES;
				CLANG_WARN_CONSTANT_CONVERSION = YES;
				CLANG_WARN_DEPRECATED_OBJC_IMPLEMENTATIONS = YES;
				CLANG_WARN_DIRECT_OBJC_ISA_USAGE = YES_ERROR;
				CLANG_WARN_DOCUMENTATION_COMMENTS = YES;
				CLANG_WARN_EMPTY_BODY = YES;
				CLANG_WARN_ENUM_CONVERSION = YES;
				CLANG_WARN_INFINITE_RECURSION = YES;
				CLANG_WARN_INT_CONVERSION = YES;
				CLANG_WARN_NON_LITERAL_NULL_CONVERSION = YES;
				CLANG_WARN_OBJC_IMPLICIT_RETAIN_SELF = YES;
				CLANG_WARN_OBJC_LITERAL_CONVERSION = YES;
				CLANG_WARN_OBJC_ROOT_CLASS = YES_ERROR;
				CLANG_WARN_QUOTED_INCLUDE_IN_FRAMEWORK_HEADER = YES;
				CLANG_WARN_RANGE_LOOP_ANALYSIS = YES;
				CLANG_WARN_STRICT_PROTOTYPES = YES;
				CLANG_WARN_SUSPICIOUS_MOVE = YES;
				CLANG_WARN_UNGUARDED_AVAILABILITY = YES_AGGRESSIVE;
				CLANG_WARN_UNREACHABLE_CODE = YES;
				CLANG_WARN__DUPLICATE_METHOD_MATCH = YES;
				COPY_PHASE_STRIP = NO;
				DEBUG_INFORMATION_FORMAT = "dwarf-with-dsym";
				ENABLE_NS_ASSERTIONS = NO;
				ENABLE_STRICT_OBJC_MSGSEND = YES;
				ENABLE_USER_SCRIPT_SANDBOXING = NO;
				GCC_C_LANGUAGE_STANDARD = gnu17;
				GCC_NO_COMMON_BLOCKS = YES;
				GCC_WARN_64_TO_32_BIT_CONVERSION = YES;
				GCC_WARN_ABOUT_RETURN_TYPE = YES_ERROR;
				GCC_WARN_UNDECLARED_SELECTOR = YES;
				GCC_WARN_UNINITIALIZED_AUTOS = YES_AGGRESSIVE;
				GCC_WARN_UNUSED_FUNCTION = YES;
				GCC_WARN_UNUSED_VARIABLE = YES;
				IPHONEOS_DEPLOYMENT_TARGET = 15.0;
				LOCALIZATION_PREFERS_STRING_CATALOGS = YES;
				MTL_ENABLE_DEBUG_INFO = NO;
				MTL_FAST_MATH = YES;
				SDKROOT = iphoneos;
				SWIFT_COMPILATION_MODE = wholemodule;
				VALIDATE_PRODUCT = YES;
			};
			name = Release;
		};
		5CE454B32B68D99900874BCE /* Debug */ = {
			isa = XCBuildConfiguration;
			baseConfigurationReference = 03C8745A698E8E5AD59FD336 /* Pods-NaverMapDemo.debug.xcconfig */;
			buildSettings = {
				ASSETCATALOG_COMPILER_APPICON_NAME = AppIcon;
				ASSETCATALOG_COMPILER_GLOBAL_ACCENT_COLOR_NAME = AccentColor;
				CODE_SIGN_STYLE = Automatic;
				CURRENT_PROJECT_VERSION = 1;
				DEVELOPMENT_ASSET_PATHS = "\"NaverMapDemo/Preview Content\"";
				DEVELOPMENT_TEAM = KVX67TSKSQ;
				ENABLE_PREVIEWS = YES;
				GENERATE_INFOPLIST_FILE = YES;
				INFOPLIST_FILE = NaverMapDemo/Info.plist;
				INFOPLIST_KEY_UIApplicationSceneManifest_Generation = YES;
				INFOPLIST_KEY_UIApplicationSupportsIndirectInputEvents = YES;
				INFOPLIST_KEY_UILaunchScreen_Generation = YES;
				INFOPLIST_KEY_UISupportedInterfaceOrientations_iPad = "UIInterfaceOrientationPortrait UIInterfaceOrientationPortraitUpsideDown UIInterfaceOrientationLandscapeLeft UIInterfaceOrientationLandscapeRight";
				INFOPLIST_KEY_UISupportedInterfaceOrientations_iPhone = "UIInterfaceOrientationPortrait UIInterfaceOrientationLandscapeLeft UIInterfaceOrientationLandscapeRight";
				LD_RUNPATH_SEARCH_PATHS = (
					"$(inherited)",
					"@executable_path/Frameworks",
				);
				MARKETING_VERSION = 1.0;
				PRODUCT_BUNDLE_IDENTIFIER = com.NaverMapDemo;
				PRODUCT_NAME = "$(TARGET_NAME)";
				SWIFT_EMIT_LOC_STRINGS = YES;
				SWIFT_VERSION = 5.0;
				TARGETED_DEVICE_FAMILY = "1,2";
			};
			name = Debug;
		};
		5CE454B42B68D99900874BCE /* Release */ = {
			isa = XCBuildConfiguration;
			baseConfigurationReference = FDB02354730B98373E2AE070 /* Pods-NaverMapDemo.release.xcconfig */;
			buildSettings = {
				ASSETCATALOG_COMPILER_APPICON_NAME = AppIcon;
				ASSETCATALOG_COMPILER_GLOBAL_ACCENT_COLOR_NAME = AccentColor;
				CODE_SIGN_STYLE = Automatic;
				CURRENT_PROJECT_VERSION = 1;
				DEVELOPMENT_ASSET_PATHS = "\"NaverMapDemo/Preview Content\"";
				DEVELOPMENT_TEAM = KVX67TSKSQ;
				ENABLE_PREVIEWS = YES;
				GENERATE_INFOPLIST_FILE = YES;
				INFOPLIST_FILE = NaverMapDemo/Info.plist;
				INFOPLIST_KEY_UIApplicationSceneManifest_Generation = YES;
				INFOPLIST_KEY_UIApplicationSupportsIndirectInputEvents = YES;
				INFOPLIST_KEY_UILaunchScreen_Generation = YES;
				INFOPLIST_KEY_UISupportedInterfaceOrientations_iPad = "UIInterfaceOrientationPortrait UIInterfaceOrientationPortraitUpsideDown UIInterfaceOrientationLandscapeLeft UIInterfaceOrientationLandscapeRight";
				INFOPLIST_KEY_UISupportedInterfaceOrientations_iPhone = "UIInterfaceOrientationPortrait UIInterfaceOrientationLandscapeLeft UIInterfaceOrientationLandscapeRight";
				LD_RUNPATH_SEARCH_PATHS = (
					"$(inherited)",
					"@executable_path/Frameworks",
				);
				MARKETING_VERSION = 1.0;
				PRODUCT_BUNDLE_IDENTIFIER = com.NaverMapDemo;
				PRODUCT_NAME = "$(TARGET_NAME)";
				SWIFT_EMIT_LOC_STRINGS = YES;
				SWIFT_VERSION = 5.0;
				TARGETED_DEVICE_FAMILY = "1,2";
			};
			name = Release;
		};
/* End XCBuildConfiguration section */

/* Begin XCConfigurationList section */
		5CE4549F2B68D99700874BCE /* Build configuration list for PBXProject "NaverMapDemo" */ = {
			isa = XCConfigurationList;
			buildConfigurations = (
				5CE454B02B68D99900874BCE /* Debug */,
				5CE454B12B68D99900874BCE /* Release */,
			);
			defaultConfigurationIsVisible = 0;
			defaultConfigurationName = Release;
		};
		5CE454B22B68D99900874BCE /* Build configuration list for PBXNativeTarget "NaverMapDemo" */ = {
			isa = XCConfigurationList;
			buildConfigurations = (
				5CE454B32B68D99900874BCE /* Debug */,
				5CE454B42B68D99900874BCE /* Release */,
			);
			defaultConfigurationIsVisible = 0;
			defaultConfigurationName = Release;
		};
/* End XCConfigurationList section */
	};
	rootObject = 5CE4549C2B68D99700874BCE /* Project object */;
}
